// !$*UTF8*$!
{
	archiveVersion = 1;
	classes = {
	};
	objectVersion = 77;
	objects = {

/* Begin PBXContainerItemProxy section */
		3F002B922CE732FE00456A27 /* PBXContainerItemProxy */ = {
			isa = PBXContainerItemProxy;
			containerPortal = 3F002B732CE732FD00456A27 /* Project object */;
			proxyType = 1;
			remoteGlobalIDString = 3F002B7A2CE732FD00456A27;
			remoteInfo = assignmentTen;
		};
		3F002B9C2CE732FE00456A27 /* PBXContainerItemProxy */ = {
			isa = PBXContainerItemProxy;
			containerPortal = 3F002B732CE732FD00456A27 /* Project object */;
			proxyType = 1;
			remoteGlobalIDString = 3F002B7A2CE732FD00456A27;
			remoteInfo = assignmentTen;
		};
/* End PBXContainerItemProxy section */

/* Begin PBXFileReference section */
		3F002B7B2CE732FD00456A27 /* assignmentTen.app */ = {isa = PBXFileReference; explicitFileType = wrapper.application; includeInIndex = 0; path = assignmentTen.app; sourceTree = BUILT_PRODUCTS_DIR; };
		3F002B912CE732FE00456A27 /* assignmentTenTests.xctest */ = {isa = PBXFileReference; explicitFileType = wrapper.cfbundle; includeInIndex = 0; path = assignmentTenTests.xctest; sourceTree = BUILT_PRODUCTS_DIR; };
		3F002B9B2CE732FE00456A27 /* assignmentTenUITests.xctest */ = {isa = PBXFileReference; explicitFileType = wrapper.cfbundle; includeInIndex = 0; path = assignmentTenUITests.xctest; sourceTree = BUILT_PRODUCTS_DIR; };
/* End PBXFileReference section */

/* Begin PBXFileSystemSynchronizedBuildFileExceptionSet section */
		3F002BA32CE732FE00456A27 /* Exceptions for "assignmentTen" folder in "assignmentTen" target */ = {
			isa = PBXFileSystemSynchronizedBuildFileExceptionSet;
			membershipExceptions = (
				Info.plist,
			);
			target = 3F002B7A2CE732FD00456A27 /* assignmentTen */;
		};
/* End PBXFileSystemSynchronizedBuildFileExceptionSet section */

/* Begin PBXFileSystemSynchronizedRootGroup section */
		3F002B7D2CE732FD00456A27 /* assignmentTen */ = {
			isa = PBXFileSystemSynchronizedRootGroup;
			exceptions = (
				3F002BA32CE732FE00456A27 /* Exceptions for "assignmentTen" folder in "assignmentTen" target */,
			);
			path = assignmentTen;
			sourceTree = "<group>";
		};
		3F002B942CE732FE00456A27 /* assignmentTenTests */ = {
			isa = PBXFileSystemSynchronizedRootGroup;
			path = assignmentTenTests;
			sourceTree = "<group>";
		};
		3F002B9E2CE732FE00456A27 /* assignmentTenUITests */ = {
			isa = PBXFileSystemSynchronizedRootGroup;
			path = assignmentTenUITests;
			sourceTree = "<group>";
		};
/* End PBXFileSystemSynchronizedRootGroup section */

/* Begin PBXFrameworksBuildPhase section */
		3F002B782CE732FD00456A27 /* Frameworks */ = {
			isa = PBXFrameworksBuildPhase;
			buildActionMask = 2147483647;
			files = (
			);
			runOnlyForDeploymentPostprocessing = 0;
		};
		3F002B8E2CE732FE00456A27 /* Frameworks */ = {
			isa = PBXFrameworksBuildPhase;
			buildActionMask = 2147483647;
			files = (
			);
			runOnlyForDeploymentPostprocessing = 0;
		};
		3F002B982CE732FE00456A27 /* Frameworks */ = {
			isa = PBXFrameworksBuildPhase;
			buildActionMask = 2147483647;
			files = (
			);
			runOnlyForDeploymentPostprocessing = 0;
		};
/* End PBXFrameworksBuildPhase section */

/* Begin PBXGroup section */
		3F002B722CE732FD00456A27 = {
			isa = PBXGroup;
			children = (
				3F002B7D2CE732FD00456A27 /* assignmentTen */,
				3F002B942CE732FE00456A27 /* assignmentTenTests */,
				3F002B9E2CE732FE00456A27 /* assignmentTenUITests */,
				3F002B7C2CE732FD00456A27 /* Products */,
			);
			sourceTree = "<group>";
		};
		3F002B7C2CE732FD00456A27 /* Products */ = {
			isa = PBXGroup;
			children = (
				3F002B7B2CE732FD00456A27 /* assignmentTen.app */,
				3F002B912CE732FE00456A27 /* assignmentTenTests.xctest */,
				3F002B9B2CE732FE00456A27 /* assignmentTenUITests.xctest */,
			);
			name = Products;
			sourceTree = "<group>";
		};
/* End PBXGroup section */

/* Begin PBXNativeTarget section */
		3F002B7A2CE732FD00456A27 /* assignmentTen */ = {
			isa = PBXNativeTarget;
			buildConfigurationList = 3F002BA42CE732FE00456A27 /* Build configuration list for PBXNativeTarget "assignmentTen" */;
			buildPhases = (
				3F002B772CE732FD00456A27 /* Sources */,
				3F002B782CE732FD00456A27 /* Frameworks */,
				3F002B792CE732FD00456A27 /* Resources */,
			);
			buildRules = (
			);
			dependencies = (
			);
			fileSystemSynchronizedGroups = (
				3F002B7D2CE732FD00456A27 /* assignmentTen */,
			);
			name = assignmentTen;
			packageProductDependencies = (
			);
			productName = assignmentTen;
			productReference = 3F002B7B2CE732FD00456A27 /* assignmentTen.app */;
			productType = "com.apple.product-type.application";
		};
		3F002B902CE732FE00456A27 /* assignmentTenTests */ = {
			isa = PBXNativeTarget;
			buildConfigurationList = 3F002BA92CE732FE00456A27 /* Build configuration list for PBXNativeTarget "assignmentTenTests" */;
			buildPhases = (
				3F002B8D2CE732FE00456A27 /* Sources */,
				3F002B8E2CE732FE00456A27 /* Frameworks */,
				3F002B8F2CE732FE00456A27 /* Resources */,
			);
			buildRules = (
			);
			dependencies = (
				3F002B932CE732FE00456A27 /* PBXTargetDependency */,
			);
			fileSystemSynchronizedGroups = (
				3F002B942CE732FE00456A27 /* assignmentTenTests */,
			);
			name = assignmentTenTests;
			packageProductDependencies = (
			);
			productName = assignmentTenTests;
			productReference = 3F002B912CE732FE00456A27 /* assignmentTenTests.xctest */;
			productType = "com.apple.product-type.bundle.unit-test";
		};
		3F002B9A2CE732FE00456A27 /* assignmentTenUITests */ = {
			isa = PBXNativeTarget;
			buildConfigurationList = 3F002BAC2CE732FE00456A27 /* Build configuration list for PBXNativeTarget "assignmentTenUITests" */;
			buildPhases = (
				3F002B972CE732FE00456A27 /* Sources */,
				3F002B982CE732FE00456A27 /* Frameworks */,
				3F002B992CE732FE00456A27 /* Resources */,
			);
			buildRules = (
			);
			dependencies = (
				3F002B9D2CE732FE00456A27 /* PBXTargetDependency */,
			);
			fileSystemSynchronizedGroups = (
				3F002B9E2CE732FE00456A27 /* assignmentTenUITests */,
			);
			name = assignmentTenUITests;
			packageProductDependencies = (
			);
			productName = assignmentTenUITests;
			productReference = 3F002B9B2CE732FE00456A27 /* assignmentTenUITests.xctest */;
			productType = "com.apple.product-type.bundle.ui-testing";
		};
/* End PBXNativeTarget section */

/* Begin PBXProject section */
		3F002B732CE732FD00456A27 /* Project object */ = {
			isa = PBXProject;
			attributes = {
				BuildIndependentTargetsInParallel = 1;
				LastSwiftUpdateCheck = 1600;
				LastUpgradeCheck = 1600;
				TargetAttributes = {
					3F002B7A2CE732FD00456A27 = {
						CreatedOnToolsVersion = 16.0;
					};
					3F002B902CE732FE00456A27 = {
						CreatedOnToolsVersion = 16.0;
						TestTargetID = 3F002B7A2CE732FD00456A27;
					};
					3F002B9A2CE732FE00456A27 = {
						CreatedOnToolsVersion = 16.0;
						TestTargetID = 3F002B7A2CE732FD00456A27;
					};
				};
			};
			buildConfigurationList = 3F002B762CE732FD00456A27 /* Build configuration list for PBXProject "assignmentTen" */;
			developmentRegion = en;
			hasScannedForEncodings = 0;
			knownRegions = (
				en,
				Base,
			);
			mainGroup = 3F002B722CE732FD00456A27;
			minimizedProjectReferenceProxies = 1;
			preferredProjectObjectVersion = 77;
			productRefGroup = 3F002B7C2CE732FD00456A27 /* Products */;
			projectDirPath = "";
			projectRoot = "";
			targets = (
				3F002B7A2CE732FD00456A27 /* assignmentTen */,
				3F002B902CE732FE00456A27 /* assignmentTenTests */,
				3F002B9A2CE732FE00456A27 /* assignmentTenUITests */,
			);
		};
/* End PBXProject section */

/* Begin PBXResourcesBuildPhase section */
		3F002B792CE732FD00456A27 /* Resources */ = {
			isa = PBXResourcesBuildPhase;
			buildActionMask = 2147483647;
			files = (
			);
			runOnlyForDeploymentPostprocessing = 0;
		};
		3F002B8F2CE732FE00456A27 /* Resources */ = {
			isa = PBXResourcesBuildPhase;
			buildActionMask = 2147483647;
			files = (
			);
			runOnlyForDeploymentPostprocessing = 0;
		};
		3F002B992CE732FE00456A27 /* Resources */ = {
			isa = PBXResourcesBuildPhase;
			buildActionMask = 2147483647;
			files = (
			);
			runOnlyForDeploymentPostprocessing = 0;
		};
/* End PBXResourcesBuildPhase section */

/* Begin PBXSourcesBuildPhase section */
		3F002B772CE732FD00456A27 /* Sources */ = {
			isa = PBXSourcesBuildPhase;
			buildActionMask = 2147483647;
			files = (
			);
			runOnlyForDeploymentPostprocessing = 0;
		};
		3F002B8D2CE732FE00456A27 /* Sources */ = {
			isa = PBXSourcesBuildPhase;
			buildActionMask = 2147483647;
			files = (
			);
			runOnlyForDeploymentPostprocessing = 0;
		};
		3F002B972CE732FE00456A27 /* Sources */ = {
			isa = PBXSourcesBuildPhase;
			buildActionMask = 2147483647;
			files = (
			);
			runOnlyForDeploymentPostprocessing = 0;
		};
/* End PBXSourcesBuildPhase section */

/* Begin PBXTargetDependency section */
		3F002B932CE732FE00456A27 /* PBXTargetDependency */ = {
			isa = PBXTargetDependency;
			target = 3F002B7A2CE732FD00456A27 /* assignmentTen */;
			targetProxy = 3F002B922CE732FE00456A27 /* PBXContainerItemProxy */;
		};
		3F002B9D2CE732FE00456A27 /* PBXTargetDependency */ = {
			isa = PBXTargetDependency;
			target = 3F002B7A2CE732FD00456A27 /* assignmentTen */;
			targetProxy = 3F002B9C2CE732FE00456A27 /* PBXContainerItemProxy */;
		};
/* End PBXTargetDependency section */

/* Begin XCBuildConfiguration section */
		3F002BA52CE732FE00456A27 /* Debug */ = {
			isa = XCBuildConfiguration;
			buildSettings = {
				ASSETCATALOG_COMPILER_APPICON_NAME = AppIcon;
				ASSETCATALOG_COMPILER_GLOBAL_ACCENT_COLOR_NAME = AccentColor;
				CODE_SIGN_STYLE = Automatic;
				CURRENT_PROJECT_VERSION = 1;
				GENERATE_INFOPLIST_FILE = YES;
				INFOPLIST_FILE = assignmentTen/Info.plist;
				INFOPLIST_KEY_UIApplicationSupportsIndirectInputEvents = YES;
				INFOPLIST_KEY_UILaunchStoryboardName = LaunchScreen;
				INFOPLIST_KEY_UIMainStoryboardFile = Main;
				INFOPLIST_KEY_UISupportedInterfaceOrientations_iPad = "UIInterfaceOrientationPortrait UIInterfaceOrientationPortraitUpsideDown UIInterfaceOrientationLandscapeLeft UIInterfaceOrientationLandscapeRight";
				INFOPLIST_KEY_UISupportedInterfaceOrientations_iPhone = "UIInterfaceOrientationPortrait UIInterfaceOrientationLandscapeLeft UIInterfaceOrientationLandscapeRight";
				LD_RUNPATH_SEARCH_PATHS = (
					"$(inherited)",
					"@executable_path/Frameworks",
				);
				MARKETING_VERSION = 1.0;
				PRODUCT_BUNDLE_IDENTIFIER = kbtu.com.assignmentTen;
				PRODUCT_NAME = "$(TARGET_NAME)";
				SWIFT_EMIT_LOC_STRINGS = YES;
				SWIFT_VERSION = 5.0;
				TARGETED_DEVICE_FAMILY = "1,2";
			};
			name = Debug;
		};
		3F002BA62CE732FE00456A27 /* Release */ = {
			isa = XCBuildConfiguration;
			buildSettings = {
				ASSETCATALOG_COMPILER_APPICON_NAME = AppIcon;
				ASSETCATALOG_COMPILER_GLOBAL_ACCENT_COLOR_NAME = AccentColor;
				CODE_SIGN_STYLE = Automatic;
				CURRENT_PROJECT_VERSION = 1;
				GENERATE_INFOPLIST_FILE = YES;
				INFOPLIST_FILE = assignmentTen/Info.plist;
				INFOPLIST_KEY_UIApplicationSupportsIndirectInputEvents = YES;
				INFOPLIST_KEY_UILaunchStoryboardName = LaunchScreen;
				INFOPLIST_KEY_UIMainStoryboardFile = Main;
				INFOPLIST_KEY_UISupportedInterfaceOrientations_iPad = "UIInterfaceOrientationPortrait UIInterfaceOrientationPortraitUpsideDown UIInterfaceOrientationLandscapeLeft UIInterfaceOrientationLandscapeRight";
				INFOPLIST_KEY_UISupportedInterfaceOrientations_iPhone = "UIInterfaceOrientationPortrait UIInterfaceOrientationLandscapeLeft UIInterfaceOrientationLandscapeRight";
				LD_RUNPATH_SEARCH_PATHS = (
					"$(inherited)",
					"@executable_path/Frameworks",
				);
				MARKETING_VERSION = 1.0;
				PRODUCT_BUNDLE_IDENTIFIER = kbtu.com.assignmentTen;
				PRODUCT_NAME = "$(TARGET_NAME)";
				SWIFT_EMIT_LOC_STRINGS = YES;
				SWIFT_VERSION = 5.0;
				TARGETED_DEVICE_FAMILY = "1,2";
			};
			name = Release;
		};
		3F002BA72CE732FE00456A27 /* Debug */ = {
			isa = XCBuildConfiguration;
			buildSettings = {
				ALWAYS_SEARCH_USER_PATHS = NO;
				ASSETCATALOG_COMPILER_GENERATE_SWIFT_ASSET_SYMBOL_EXTENSIONS = YES;
				CLANG_ANALYZER_NONNULL = YES;
				CLANG_ANALYZER_NUMBER_OBJECT_CONVERSION = YES_AGGRESSIVE;
				CLANG_CXX_LANGUAGE_STANDARD = "gnu++20";
				CLANG_ENABLE_MODULES = YES;
				CLANG_ENABLE_OBJC_ARC = YES;
				CLANG_ENABLE_OBJC_WEAK = YES;
				CLANG_WARN_BLOCK_CAPTURE_AUTORELEASING = YES;
				CLANG_WARN_BOOL_CONVERSION = YES;
				CLANG_WARN_COMMA = YES;
				CLANG_WARN_CONSTANT_CONVERSION = YES;
				CLANG_WARN_DEPRECATED_OBJC_IMPLEMENTATIONS = YES;
				CLANG_WARN_DIRECT_OBJC_ISA_USAGE = YES_ERROR;
				CLANG_WARN_DOCUMENTATION_COMMENTS = YES;
				CLANG_WARN_EMPTY_BODY = YES;
				CLANG_WARN_ENUM_CONVERSION = YES;
				CLANG_WARN_INFINITE_RECURSION = YES;
				CLANG_WARN_INT_CONVERSION = YES;
				CLANG_WARN_NON_LITERAL_NULL_CONVERSION = YES;
				CLANG_WARN_OBJC_IMPLICIT_RETAIN_SELF = YES;
				CLANG_WARN_OBJC_LITERAL_CONVERSION = YES;
				CLANG_WARN_OBJC_ROOT_CLASS = YES_ERROR;
				CLANG_WARN_QUOTED_INCLUDE_IN_FRAMEWORK_HEADER = YES;
				CLANG_WARN_RANGE_LOOP_ANALYSIS = YES;
				CLANG_WARN_STRICT_PROTOTYPES = YES;
				CLANG_WARN_SUSPICIOUS_MOVE = YES;
				CLANG_WARN_UNGUARDED_AVAILABILITY = YES_AGGRESSIVE;
				CLANG_WARN_UNREACHABLE_CODE = YES;
				CLANG_WARN__DUPLICATE_METHOD_MATCH = YES;
				COPY_PHASE_STRIP = NO;
				DEBUG_INFORMATION_FORMAT = dwarf;
				ENABLE_STRICT_OBJC_MSGSEND = YES;
				ENABLE_TESTABILITY = YES;
				ENABLE_USER_SCRIPT_SANDBOXING = YES;
				GCC_C_LANGUAGE_STANDARD = gnu17;
				GCC_DYNAMIC_NO_PIC = NO;
				GCC_NO_COMMON_BLOCKS = YES;
				GCC_OPTIMIZATION_LEVEL = 0;
				GCC_PREPROCESSOR_DEFINITIONS = (
					"DEBUG=1",
					"$(inherited)",
				);
				GCC_WARN_64_TO_32_BIT_CONVERSION = YES;
				GCC_WARN_ABOUT_RETURN_TYPE = YES_ERROR;
				GCC_WARN_UNDECLARED_SELECTOR = YES;
				GCC_WARN_UNINITIALIZED_AUTOS = YES_AGGRESSIVE;
				GCC_WARN_UNUSED_FUNCTION = YES;
				GCC_WARN_UNUSED_VARIABLE = YES;
				IPHONEOS_DEPLOYMENT_TARGET = 18.0;
				LOCALIZATION_PREFERS_STRING_CATALOGS = YES;
				MTL_ENABLE_DEBUG_INFO = INCLUDE_SOURCE;
				MTL_FAST_MATH = YES;
				ONLY_ACTIVE_ARCH = YES;
				SDKROOT = iphoneos;
				SWIFT_ACTIVE_COMPILATION_CONDITIONS = "DEBUG $(inherited)";
				SWIFT_OPTIMIZATION_LEVEL = "-Onone";
			};
			name = Debug;
		};
		3F002BA82CE732FE00456A27 /* Release */ = {
			isa = XCBuildConfiguration;
			buildSettings = {
				ALWAYS_SEARCH_USER_PATHS = NO;
				ASSETCATALOG_COMPILER_GENERATE_SWIFT_ASSET_SYMBOL_EXTENSIONS = YES;
				CLANG_ANALYZER_NONNULL = YES;
				CLANG_ANALYZER_NUMBER_OBJECT_CONVERSION = YES_AGGRESSIVE;
				CLANG_CXX_LANGUAGE_STANDARD = "gnu++20";
				CLANG_ENABLE_MODULES = YES;
				CLANG_ENABLE_OBJC_ARC = YES;
				CLANG_ENABLE_OBJC_WEAK = YES;
				CLANG_WARN_BLOCK_CAPTURE_AUTORELEASING = YES;
				CLANG_WARN_BOOL_CONVERSION = YES;
				CLANG_WARN_COMMA = YES;
				CLANG_WARN_CONSTANT_CONVERSION = YES;
				CLANG_WARN_DEPRECATED_OBJC_IMPLEMENTATIONS = YES;
				CLANG_WARN_DIRECT_OBJC_ISA_USAGE = YES_ERROR;
				CLANG_WARN_DOCUMENTATION_COMMENTS = YES;
				CLANG_WARN_EMPTY_BODY = YES;
				CLANG_WARN_ENUM_CONVERSION = YES;
				CLANG_WARN_INFINITE_RECURSION = YES;
				CLANG_WARN_INT_CONVERSION = YES;
				CLANG_WARN_NON_LITERAL_NULL_CONVERSION = YES;
				CLANG_WARN_OBJC_IMPLICIT_RETAIN_SELF = YES;
				CLANG_WARN_OBJC_LITERAL_CONVERSION = YES;
				CLANG_WARN_OBJC_ROOT_CLASS = YES_ERROR;
				CLANG_WARN_QUOTED_INCLUDE_IN_FRAMEWORK_HEADER = YES;
				CLANG_WARN_RANGE_LOOP_ANALYSIS = YES;
				CLANG_WARN_STRICT_PROTOTYPES = YES;
				CLANG_WARN_SUSPICIOUS_MOVE = YES;
				CLANG_WARN_UNGUARDED_AVAILABILITY = YES_AGGRESSIVE;
				CLANG_WARN_UNREACHABLE_CODE = YES;
				CLANG_WARN__DUPLICATE_METHOD_MATCH = YES;
				COPY_PHASE_STRIP = NO;
				DEBUG_INFORMATION_FORMAT = "dwarf-with-dsym";
				ENABLE_NS_ASSERTIONS = NO;
				ENABLE_STRICT_OBJC_MSGSEND = YES;
				ENABLE_USER_SCRIPT_SANDBOXING = YES;
				GCC_C_LANGUAGE_STANDARD = gnu17;
				GCC_NO_COMMON_BLOCKS = YES;
				GCC_WARN_64_TO_32_BIT_CONVERSION = YES;
				GCC_WARN_ABOUT_RETURN_TYPE = YES_ERROR;
				GCC_WARN_UNDECLARED_SELECTOR = YES;
				GCC_WARN_UNINITIALIZED_AUTOS = YES_AGGRESSIVE;
				GCC_WARN_UNUSED_FUNCTION = YES;
				GCC_WARN_UNUSED_VARIABLE = YES;
				IPHONEOS_DEPLOYMENT_TARGET = 18.0;
				LOCALIZATION_PREFERS_STRING_CATALOGS = YES;
				MTL_ENABLE_DEBUG_INFO = NO;
				MTL_FAST_MATH = YES;
				SDKROOT = iphoneos;
				SWIFT_COMPILATION_MODE = wholemodule;
				VALIDATE_PRODUCT = YES;
			};
			name = Release;
		};
		3F002BAA2CE732FE00456A27 /* Debug */ = {
			isa = XCBuildConfiguration;
			buildSettings = {
				BUNDLE_LOADER = "$(TEST_HOST)";
				CODE_SIGN_STYLE = Automatic;
				CURRENT_PROJECT_VERSION = 1;
				GENERATE_INFOPLIST_FILE = YES;
				IPHONEOS_DEPLOYMENT_TARGET = 18.0;
				MARKETING_VERSION = 1.0;
				PRODUCT_BUNDLE_IDENTIFIER = kbtu.com.assignmentTenTests;
				PRODUCT_NAME = "$(TARGET_NAME)";
				SWIFT_EMIT_LOC_STRINGS = NO;
				SWIFT_VERSION = 5.0;
				TARGETED_DEVICE_FAMILY = "1,2";
				TEST_HOST = "$(BUILT_PRODUCTS_DIR)/assignmentTen.app/$(BUNDLE_EXECUTABLE_FOLDER_PATH)/assignmentTen";
			};
			name = Debug;
		};
		3F002BAB2CE732FE00456A27 /* Release */ = {
			isa = XCBuildConfiguration;
			buildSettings = {
				BUNDLE_LOADER = "$(TEST_HOST)";
				CODE_SIGN_STYLE = Automatic;
				CURRENT_PROJECT_VERSION = 1;
				GENERATE_INFOPLIST_FILE = YES;
				IPHONEOS_DEPLOYMENT_TARGET = 18.0;
				MARKETING_VERSION = 1.0;
				PRODUCT_BUNDLE_IDENTIFIER = kbtu.com.assignmentTenTests;
				PRODUCT_NAME = "$(TARGET_NAME)";
				SWIFT_EMIT_LOC_STRINGS = NO;
				SWIFT_VERSION = 5.0;
				TARGETED_DEVICE_FAMILY = "1,2";
				TEST_HOST = "$(BUILT_PRODUCTS_DIR)/assignmentTen.app/$(BUNDLE_EXECUTABLE_FOLDER_PATH)/assignmentTen";
			};
			name = Release;
		};
		3F002BAD2CE732FE00456A27 /* Debug */ = {
			isa = XCBuildConfiguration;
			buildSettings = {
				CODE_SIGN_STYLE = Automatic;
				CURRENT_PROJECT_VERSION = 1;
				GENERATE_INFOPLIST_FILE = YES;
				MARKETING_VERSION = 1.0;
				PRODUCT_BUNDLE_IDENTIFIER = kbtu.com.assignmentTenUITests;
				PRODUCT_NAME = "$(TARGET_NAME)";
				SWIFT_EMIT_LOC_STRINGS = NO;
				SWIFT_VERSION = 5.0;
				TARGETED_DEVICE_FAMILY = "1,2";
				TEST_TARGET_NAME = assignmentTen;
			};
			name = Debug;
		};
		3F002BAE2CE732FE00456A27 /* Release */ = {
			isa = XCBuildConfiguration;
			buildSettings = {
				CODE_SIGN_STYLE = Automatic;
				CURRENT_PROJECT_VERSION = 1;
				GENERATE_INFOPLIST_FILE = YES;
				MARKETING_VERSION = 1.0;
				PRODUCT_BUNDLE_IDENTIFIER = kbtu.com.assignmentTenUITests;
				PRODUCT_NAME = "$(TARGET_NAME)";
				SWIFT_EMIT_LOC_STRINGS = NO;
				SWIFT_VERSION = 5.0;
				TARGETED_DEVICE_FAMILY = "1,2";
				TEST_TARGET_NAME = assignmentTen;
			};
			name = Release;
		};
/* End XCBuildConfiguration section */

/* Begin XCConfigurationList section */
		3F002B762CE732FD00456A27 /* Build configuration list for PBXProject "assignmentTen" */ = {
			isa = XCConfigurationList;
			buildConfigurations = (
				3F002BA72CE732FE00456A27 /* Debug */,
				3F002BA82CE732FE00456A27 /* Release */,
			);
			defaultConfigurationIsVisible = 0;
			defaultConfigurationName = Release;
		};
		3F002BA42CE732FE00456A27 /* Build configuration list for PBXNativeTarget "assignmentTen" */ = {
			isa = XCConfigurationList;
			buildConfigurations = (
				3F002BA52CE732FE00456A27 /* Debug */,
				3F002BA62CE732FE00456A27 /* Release */,
			);
			defaultConfigurationIsVisible = 0;
			defaultConfigurationName = Release;
		};
		3F002BA92CE732FE00456A27 /* Build configuration list for PBXNativeTarget "assignmentTenTests" */ = {
			isa = XCConfigurationList;
			buildConfigurations = (
				3F002BAA2CE732FE00456A27 /* Debug */,
				3F002BAB2CE732FE00456A27 /* Release */,
			);
			defaultConfigurationIsVisible = 0;
			defaultConfigurationName = Release;
		};
		3F002BAC2CE732FE00456A27 /* Build configuration list for PBXNativeTarget "assignmentTenUITests" */ = {
			isa = XCConfigurationList;
			buildConfigurations = (
				3F002BAD2CE732FE00456A27 /* Debug */,
				3F002BAE2CE732FE00456A27 /* Release */,
			);
			defaultConfigurationIsVisible = 0;
			defaultConfigurationName = Release;
		};
/* End XCConfigurationList section */
	};
	rootObject = 3F002B732CE732FD00456A27 /* Project object */;
}
