// !$*UTF8*$!
{
	archiveVersion = 1;
	classes = {
	};
	objectVersion = 77;
	objects = {

/* Begin PBXContainerItemProxy section */
		3F1E04582CB8F6DE0071C084 /* PBXContainerItemProxy */ = {
			isa = PBXContainerItemProxy;
			containerPortal = 3F1E04392CB8F6DD0071C084 /* Project object */;
			proxyType = 1;
			remoteGlobalIDString = 3F1E04402CB8F6DD0071C084;
			remoteInfo = xylophone;
		};
		3F1E04622CB8F6DF0071C084 /* PBXContainerItemProxy */ = {
			isa = PBXContainerItemProxy;
			containerPortal = 3F1E04392CB8F6DD0071C084 /* Project object */;
			proxyType = 1;
			remoteGlobalIDString = 3F1E04402CB8F6DD0071C084;
			remoteInfo = xylophone;
		};
/* End PBXContainerItemProxy section */

/* Begin PBXFileReference section */
		3F1E04412CB8F6DD0071C084 /* xylophone.app */ = {isa = PBXFileReference; explicitFileType = wrapper.application; includeInIndex = 0; path = xylophone.app; sourceTree = BUILT_PRODUCTS_DIR; };
		3F1E04572CB8F6DE0071C084 /* xylophoneTests.xctest */ = {isa = PBXFileReference; explicitFileType = wrapper.cfbundle; includeInIndex = 0; path = xylophoneTests.xctest; sourceTree = BUILT_PRODUCTS_DIR; };
		3F1E04612CB8F6DF0071C084 /* xylophoneUITests.xctest */ = {isa = PBXFileReference; explicitFileType = wrapper.cfbundle; includeInIndex = 0; path = xylophoneUITests.xctest; sourceTree = BUILT_PRODUCTS_DIR; };
/* End PBXFileReference section */

/* Begin PBXFileSystemSynchronizedBuildFileExceptionSet section */
		3F1E04692CB8F6DF0071C084 /* Exceptions for "xylophone" folder in "xylophone" target */ = {
			isa = PBXFileSystemSynchronizedBuildFileExceptionSet;
			membershipExceptions = (
				Info.plist,
			);
			target = 3F1E04402CB8F6DD0071C084 /* xylophone */;
		};
/* End PBXFileSystemSynchronizedBuildFileExceptionSet section */

/* Begin PBXFileSystemSynchronizedRootGroup section */
		3F1E04432CB8F6DD0071C084 /* xylophone */ = {
			isa = PBXFileSystemSynchronizedRootGroup;
			exceptions = (
				3F1E04692CB8F6DF0071C084 /* Exceptions for "xylophone" folder in "xylophone" target */,
			);
			path = xylophone;
			sourceTree = "<group>";
		};
		3F1E045A2CB8F6DE0071C084 /* xylophoneTests */ = {
			isa = PBXFileSystemSynchronizedRootGroup;
			path = xylophoneTests;
			sourceTree = "<group>";
		};
		3F1E04642CB8F6DF0071C084 /* xylophoneUITests */ = {
			isa = PBXFileSystemSynchronizedRootGroup;
			path = xylophoneUITests;
			sourceTree = "<group>";
		};
/* End PBXFileSystemSynchronizedRootGroup section */

/* Begin PBXFrameworksBuildPhase section */
		3F1E043E2CB8F6DD0071C084 /* Frameworks */ = {
			isa = PBXFrameworksBuildPhase;
			buildActionMask = 2147483647;
			files = (
			);
			runOnlyForDeploymentPostprocessing = 0;
		};
		3F1E04542CB8F6DE0071C084 /* Frameworks */ = {
			isa = PBXFrameworksBuildPhase;
			buildActionMask = 2147483647;
			files = (
			);
			runOnlyForDeploymentPostprocessing = 0;
		};
		3F1E045E2CB8F6DF0071C084 /* Frameworks */ = {
			isa = PBXFrameworksBuildPhase;
			buildActionMask = 2147483647;
			files = (
			);
			runOnlyForDeploymentPostprocessing = 0;
		};
/* End PBXFrameworksBuildPhase section */

/* Begin PBXGroup section */
		3F1E04382CB8F6DD0071C084 = {
			isa = PBXGroup;
			children = (
				3F1E04432CB8F6DD0071C084 /* xylophone */,
				3F1E045A2CB8F6DE0071C084 /* xylophoneTests */,
				3F1E04642CB8F6DF0071C084 /* xylophoneUITests */,
				3F1E04422CB8F6DD0071C084 /* Products */,
			);
			sourceTree = "<group>";
		};
		3F1E04422CB8F6DD0071C084 /* Products */ = {
			isa = PBXGroup;
			children = (
				3F1E04412CB8F6DD0071C084 /* xylophone.app */,
				3F1E04572CB8F6DE0071C084 /* xylophoneTests.xctest */,
				3F1E04612CB8F6DF0071C084 /* xylophoneUITests.xctest */,
			);
			name = Products;
			sourceTree = "<group>";
		};
/* End PBXGroup section */

/* Begin PBXNativeTarget section */
		3F1E04402CB8F6DD0071C084 /* xylophone */ = {
			isa = PBXNativeTarget;
			buildConfigurationList = 3F1E046A2CB8F6DF0071C084 /* Build configuration list for PBXNativeTarget "xylophone" */;
			buildPhases = (
				3F1E043D2CB8F6DD0071C084 /* Sources */,
				3F1E043E2CB8F6DD0071C084 /* Frameworks */,
				3F1E043F2CB8F6DD0071C084 /* Resources */,
			);
			buildRules = (
			);
			dependencies = (
			);
			fileSystemSynchronizedGroups = (
				3F1E04432CB8F6DD0071C084 /* xylophone */,
			);
			name = xylophone;
			packageProductDependencies = (
			);
			productName = xylophone;
			productReference = 3F1E04412CB8F6DD0071C084 /* xylophone.app */;
			productType = "com.apple.product-type.application";
		};
		3F1E04562CB8F6DE0071C084 /* xylophoneTests */ = {
			isa = PBXNativeTarget;
			buildConfigurationList = 3F1E046F2CB8F6DF0071C084 /* Build configuration list for PBXNativeTarget "xylophoneTests" */;
			buildPhases = (
				3F1E04532CB8F6DE0071C084 /* Sources */,
				3F1E04542CB8F6DE0071C084 /* Frameworks */,
				3F1E04552CB8F6DE0071C084 /* Resources */,
			);
			buildRules = (
			);
			dependencies = (
				3F1E04592CB8F6DE0071C084 /* PBXTargetDependency */,
			);
			fileSystemSynchronizedGroups = (
				3F1E045A2CB8F6DE0071C084 /* xylophoneTests */,
			);
			name = xylophoneTests;
			packageProductDependencies = (
			);
			productName = xylophoneTests;
			productReference = 3F1E04572CB8F6DE0071C084 /* xylophoneTests.xctest */;
			productType = "com.apple.product-type.bundle.unit-test";
		};
		3F1E04602CB8F6DF0071C084 /* xylophoneUITests */ = {
			isa = PBXNativeTarget;
			buildConfigurationList = 3F1E04722CB8F6DF0071C084 /* Build configuration list for PBXNativeTarget "xylophoneUITests" */;
			buildPhases = (
				3F1E045D2CB8F6DF0071C084 /* Sources */,
				3F1E045E2CB8F6DF0071C084 /* Frameworks */,
				3F1E045F2CB8F6DF0071C084 /* Resources */,
			);
			buildRules = (
			);
			dependencies = (
				3F1E04632CB8F6DF0071C084 /* PBXTargetDependency */,
			);
			fileSystemSynchronizedGroups = (
				3F1E04642CB8F6DF0071C084 /* xylophoneUITests */,
			);
			name = xylophoneUITests;
			packageProductDependencies = (
			);
			productName = xylophoneUITests;
			productReference = 3F1E04612CB8F6DF0071C084 /* xylophoneUITests.xctest */;
			productType = "com.apple.product-type.bundle.ui-testing";
		};
/* End PBXNativeTarget section */

/* Begin PBXProject section */
		3F1E04392CB8F6DD0071C084 /* Project object */ = {
			isa = PBXProject;
			attributes = {
				BuildIndependentTargetsInParallel = 1;
				LastSwiftUpdateCheck = 1600;
				LastUpgradeCheck = 1600;
				TargetAttributes = {
					3F1E04402CB8F6DD0071C084 = {
						CreatedOnToolsVersion = 16.0;
					};
					3F1E04562CB8F6DE0071C084 = {
						CreatedOnToolsVersion = 16.0;
						TestTargetID = 3F1E04402CB8F6DD0071C084;
					};
					3F1E04602CB8F6DF0071C084 = {
						CreatedOnToolsVersion = 16.0;
						TestTargetID = 3F1E04402CB8F6DD0071C084;
					};
				};
			};
			buildConfigurationList = 3F1E043C2CB8F6DD0071C084 /* Build configuration list for PBXProject "xylophone" */;
			developmentRegion = en;
			hasScannedForEncodings = 0;
			knownRegions = (
				en,
				Base,
			);
			mainGroup = 3F1E04382CB8F6DD0071C084;
			minimizedProjectReferenceProxies = 1;
			preferredProjectObjectVersion = 77;
			productRefGroup = 3F1E04422CB8F6DD0071C084 /* Products */;
			projectDirPath = "";
			projectRoot = "";
			targets = (
				3F1E04402CB8F6DD0071C084 /* xylophone */,
				3F1E04562CB8F6DE0071C084 /* xylophoneTests */,
				3F1E04602CB8F6DF0071C084 /* xylophoneUITests */,
			);
		};
/* End PBXProject section */

/* Begin PBXResourcesBuildPhase section */
		3F1E043F2CB8F6DD0071C084 /* Resources */ = {
			isa = PBXResourcesBuildPhase;
			buildActionMask = 2147483647;
			files = (
			);
			runOnlyForDeploymentPostprocessing = 0;
		};
		3F1E04552CB8F6DE0071C084 /* Resources */ = {
			isa = PBXResourcesBuildPhase;
			buildActionMask = 2147483647;
			files = (
			);
			runOnlyForDeploymentPostprocessing = 0;
		};
		3F1E045F2CB8F6DF0071C084 /* Resources */ = {
			isa = PBXResourcesBuildPhase;
			buildActionMask = 2147483647;
			files = (
			);
			runOnlyForDeploymentPostprocessing = 0;
		};
/* End PBXResourcesBuildPhase section */

/* Begin PBXSourcesBuildPhase section */
		3F1E043D2CB8F6DD0071C084 /* Sources */ = {
			isa = PBXSourcesBuildPhase;
			buildActionMask = 2147483647;
			files = (
			);
			runOnlyForDeploymentPostprocessing = 0;
		};
		3F1E04532CB8F6DE0071C084 /* Sources */ = {
			isa = PBXSourcesBuildPhase;
			buildActionMask = 2147483647;
			files = (
			);
			runOnlyForDeploymentPostprocessing = 0;
		};
		3F1E045D2CB8F6DF0071C084 /* Sources */ = {
			isa = PBXSourcesBuildPhase;
			buildActionMask = 2147483647;
			files = (
			);
			runOnlyForDeploymentPostprocessing = 0;
		};
/* End PBXSourcesBuildPhase section */

/* Begin PBXTargetDependency section */
		3F1E04592CB8F6DE0071C084 /* PBXTargetDependency */ = {
			isa = PBXTargetDependency;
			target = 3F1E04402CB8F6DD0071C084 /* xylophone */;
			targetProxy = 3F1E04582CB8F6DE0071C084 /* PBXContainerItemProxy */;
		};
		3F1E04632CB8F6DF0071C084 /* PBXTargetDependency */ = {
			isa = PBXTargetDependency;
			target = 3F1E04402CB8F6DD0071C084 /* xylophone */;
			targetProxy = 3F1E04622CB8F6DF0071C084 /* PBXContainerItemProxy */;
		};
/* End PBXTargetDependency section */

/* Begin XCBuildConfiguration section */
		3F1E046B2CB8F6DF0071C084 /* Debug */ = {
			isa = XCBuildConfiguration;
			buildSettings = {
				ASSETCATALOG_COMPILER_APPICON_NAME = AppIcon;
				ASSETCATALOG_COMPILER_GLOBAL_ACCENT_COLOR_NAME = AccentColor;
				CODE_SIGN_STYLE = Automatic;
				CURRENT_PROJECT_VERSION = 1;
				GENERATE_INFOPLIST_FILE = YES;
				INFOPLIST_FILE = xylophone/Info.plist;
				INFOPLIST_KEY_UIApplicationSupportsIndirectInputEvents = YES;
				INFOPLIST_KEY_UILaunchStoryboardName = LaunchScreen;
				INFOPLIST_KEY_UIMainStoryboardFile = Main;
				INFOPLIST_KEY_UISupportedInterfaceOrientations_iPad = "UIInterfaceOrientationPortrait UIInterfaceOrientationPortraitUpsideDown UIInterfaceOrientationLandscapeLeft UIInterfaceOrientationLandscapeRight";
				INFOPLIST_KEY_UISupportedInterfaceOrientations_iPhone = "UIInterfaceOrientationPortrait UIInterfaceOrientationLandscapeLeft UIInterfaceOrientationLandscapeRight";
				LD_RUNPATH_SEARCH_PATHS = (
					"$(inherited)",
					"@executable_path/Frameworks",
				);
				MARKETING_VERSION = 1.0;
				PRODUCT_BUNDLE_IDENTIFIER = darkhan.com.xylophone;
				PRODUCT_NAME = "$(TARGET_NAME)";
				SWIFT_EMIT_LOC_STRINGS = YES;
				SWIFT_VERSION = 5.0;
				TARGETED_DEVICE_FAMILY = "1,2";
			};
			name = Debug;
		};
		3F1E046C2CB8F6DF0071C084 /* Release */ = {
			isa = XCBuildConfiguration;
			buildSettings = {
				ASSETCATALOG_COMPILER_APPICON_NAME = AppIcon;
				ASSETCATALOG_COMPILER_GLOBAL_ACCENT_COLOR_NAME = AccentColor;
				CODE_SIGN_STYLE = Automatic;
				CURRENT_PROJECT_VERSION = 1;
				GENERATE_INFOPLIST_FILE = YES;
				INFOPLIST_FILE = xylophone/Info.plist;
				INFOPLIST_KEY_UIApplicationSupportsIndirectInputEvents = YES;
				INFOPLIST_KEY_UILaunchStoryboardName = LaunchScreen;
				INFOPLIST_KEY_UIMainStoryboardFile = Main;
				INFOPLIST_KEY_UISupportedInterfaceOrientations_iPad = "UIInterfaceOrientationPortrait UIInterfaceOrientationPortraitUpsideDown UIInterfaceOrientationLandscapeLeft UIInterfaceOrientationLandscapeRight";
				INFOPLIST_KEY_UISupportedInterfaceOrientations_iPhone = "UIInterfaceOrientationPortrait UIInterfaceOrientationLandscapeLeft UIInterfaceOrientationLandscapeRight";
				LD_RUNPATH_SEARCH_PATHS = (
					"$(inherited)",
					"@executable_path/Frameworks",
				);
				MARKETING_VERSION = 1.0;
				PRODUCT_BUNDLE_IDENTIFIER = darkhan.com.xylophone;
				PRODUCT_NAME = "$(TARGET_NAME)";
				SWIFT_EMIT_LOC_STRINGS = YES;
				SWIFT_VERSION = 5.0;
				TARGETED_DEVICE_FAMILY = "1,2";
			};
			name = Release;
		};
		3F1E046D2CB8F6DF0071C084 /* Debug */ = {
			isa = XCBuildConfiguration;
			buildSettings = {
				ALWAYS_SEARCH_USER_PATHS = NO;
				ASSETCATALOG_COMPILER_GENERATE_SWIFT_ASSET_SYMBOL_EXTENSIONS = YES;
				CLANG_ANALYZER_NONNULL = YES;
				CLANG_ANALYZER_NUMBER_OBJECT_CONVERSION = YES_AGGRESSIVE;
				CLANG_CXX_LANGUAGE_STANDARD = "gnu++20";
				CLANG_ENABLE_MODULES = YES;
				CLANG_ENABLE_OBJC_ARC = YES;
				CLANG_ENABLE_OBJC_WEAK = YES;
				CLANG_WARN_BLOCK_CAPTURE_AUTORELEASING = YES;
				CLANG_WARN_BOOL_CONVERSION = YES;
				CLANG_WARN_COMMA = YES;
				CLANG_WARN_CONSTANT_CONVERSION = YES;
				CLANG_WARN_DEPRECATED_OBJC_IMPLEMENTATIONS = YES;
				CLANG_WARN_DIRECT_OBJC_ISA_USAGE = YES_ERROR;
				CLANG_WARN_DOCUMENTATION_COMMENTS = YES;
				CLANG_WARN_EMPTY_BODY = YES;
				CLANG_WARN_ENUM_CONVERSION = YES;
				CLANG_WARN_INFINITE_RECURSION = YES;
				CLANG_WARN_INT_CONVERSION = YES;
				CLANG_WARN_NON_LITERAL_NULL_CONVERSION = YES;
				CLANG_WARN_OBJC_IMPLICIT_RETAIN_SELF = YES;
				CLANG_WARN_OBJC_LITERAL_CONVERSION = YES;
				CLANG_WARN_OBJC_ROOT_CLASS = YES_ERROR;
				CLANG_WARN_QUOTED_INCLUDE_IN_FRAMEWORK_HEADER = YES;
				CLANG_WARN_RANGE_LOOP_ANALYSIS = YES;
				CLANG_WARN_STRICT_PROTOTYPES = YES;
				CLANG_WARN_SUSPICIOUS_MOVE = YES;
				CLANG_WARN_UNGUARDED_AVAILABILITY = YES_AGGRESSIVE;
				CLANG_WARN_UNREACHABLE_CODE = YES;
				CLANG_WARN__DUPLICATE_METHOD_MATCH = YES;
				COPY_PHASE_STRIP = NO;
				DEBUG_INFORMATION_FORMAT = dwarf;
				ENABLE_STRICT_OBJC_MSGSEND = YES;
				ENABLE_TESTABILITY = YES;
				ENABLE_USER_SCRIPT_SANDBOXING = YES;
				GCC_C_LANGUAGE_STANDARD = gnu17;
				GCC_DYNAMIC_NO_PIC = NO;
				GCC_NO_COMMON_BLOCKS = YES;
				GCC_OPTIMIZATION_LEVEL = 0;
				GCC_PREPROCESSOR_DEFINITIONS = (
					"DEBUG=1",
					"$(inherited)",
				);
				GCC_WARN_64_TO_32_BIT_CONVERSION = YES;
				GCC_WARN_ABOUT_RETURN_TYPE = YES_ERROR;
				GCC_WARN_UNDECLARED_SELECTOR = YES;
				GCC_WARN_UNINITIALIZED_AUTOS = YES_AGGRESSIVE;
				GCC_WARN_UNUSED_FUNCTION = YES;
				GCC_WARN_UNUSED_VARIABLE = YES;
				IPHONEOS_DEPLOYMENT_TARGET = 18.0;
				LOCALIZATION_PREFERS_STRING_CATALOGS = YES;
				MTL_ENABLE_DEBUG_INFO = INCLUDE_SOURCE;
				MTL_FAST_MATH = YES;
				ONLY_ACTIVE_ARCH = YES;
				SDKROOT = iphoneos;
				SWIFT_ACTIVE_COMPILATION_CONDITIONS = "DEBUG $(inherited)";
				SWIFT_OPTIMIZATION_LEVEL = "-Onone";
			};
			name = Debug;
		};
		3F1E046E2CB8F6DF0071C084 /* Release */ = {
			isa = XCBuildConfiguration;
			buildSettings = {
				ALWAYS_SEARCH_USER_PATHS = NO;
				ASSETCATALOG_COMPILER_GENERATE_SWIFT_ASSET_SYMBOL_EXTENSIONS = YES;
				CLANG_ANALYZER_NONNULL = YES;
				CLANG_ANALYZER_NUMBER_OBJECT_CONVERSION = YES_AGGRESSIVE;
				CLANG_CXX_LANGUAGE_STANDARD = "gnu++20";
				CLANG_ENABLE_MODULES = YES;
				CLANG_ENABLE_OBJC_ARC = YES;
				CLANG_ENABLE_OBJC_WEAK = YES;
				CLANG_WARN_BLOCK_CAPTURE_AUTORELEASING = YES;
				CLANG_WARN_BOOL_CONVERSION = YES;
				CLANG_WARN_COMMA = YES;
				CLANG_WARN_CONSTANT_CONVERSION = YES;
				CLANG_WARN_DEPRECATED_OBJC_IMPLEMENTATIONS = YES;
				CLANG_WARN_DIRECT_OBJC_ISA_USAGE = YES_ERROR;
				CLANG_WARN_DOCUMENTATION_COMMENTS = YES;
				CLANG_WARN_EMPTY_BODY = YES;
				CLANG_WARN_ENUM_CONVERSION = YES;
				CLANG_WARN_INFINITE_RECURSION = YES;
				CLANG_WARN_INT_CONVERSION = YES;
				CLANG_WARN_NON_LITERAL_NULL_CONVERSION = YES;
				CLANG_WARN_OBJC_IMPLICIT_RETAIN_SELF = YES;
				CLANG_WARN_OBJC_LITERAL_CONVERSION = YES;
				CLANG_WARN_OBJC_ROOT_CLASS = YES_ERROR;
				CLANG_WARN_QUOTED_INCLUDE_IN_FRAMEWORK_HEADER = YES;
				CLANG_WARN_RANGE_LOOP_ANALYSIS = YES;
				CLANG_WARN_STRICT_PROTOTYPES = YES;
				CLANG_WARN_SUSPICIOUS_MOVE = YES;
				CLANG_WARN_UNGUARDED_AVAILABILITY = YES_AGGRESSIVE;
				CLANG_WARN_UNREACHABLE_CODE = YES;
				CLANG_WARN__DUPLICATE_METHOD_MATCH = YES;
				COPY_PHASE_STRIP = NO;
				DEBUG_INFORMATION_FORMAT = "dwarf-with-dsym";
				ENABLE_NS_ASSERTIONS = NO;
				ENABLE_STRICT_OBJC_MSGSEND = YES;
				ENABLE_USER_SCRIPT_SANDBOXING = YES;
				GCC_C_LANGUAGE_STANDARD = gnu17;
				GCC_NO_COMMON_BLOCKS = YES;
				GCC_WARN_64_TO_32_BIT_CONVERSION = YES;
				GCC_WARN_ABOUT_RETURN_TYPE = YES_ERROR;
				GCC_WARN_UNDECLARED_SELECTOR = YES;
				GCC_WARN_UNINITIALIZED_AUTOS = YES_AGGRESSIVE;
				GCC_WARN_UNUSED_FUNCTION = YES;
				GCC_WARN_UNUSED_VARIABLE = YES;
				IPHONEOS_DEPLOYMENT_TARGET = 18.0;
				LOCALIZATION_PREFERS_STRING_CATALOGS = YES;
				MTL_ENABLE_DEBUG_INFO = NO;
				MTL_FAST_MATH = YES;
				SDKROOT = iphoneos;
				SWIFT_COMPILATION_MODE = wholemodule;
				VALIDATE_PRODUCT = YES;
			};
			name = Release;
		};
		3F1E04702CB8F6DF0071C084 /* Debug */ = {
			isa = XCBuildConfiguration;
			buildSettings = {
				BUNDLE_LOADER = "$(TEST_HOST)";
				CODE_SIGN_STYLE = Automatic;
				CURRENT_PROJECT_VERSION = 1;
				GENERATE_INFOPLIST_FILE = YES;
				IPHONEOS_DEPLOYMENT_TARGET = 18.0;
				MARKETING_VERSION = 1.0;
				PRODUCT_BUNDLE_IDENTIFIER = darkhan.com.xylophoneTests;
				PRODUCT_NAME = "$(TARGET_NAME)";
				SWIFT_EMIT_LOC_STRINGS = NO;
				SWIFT_VERSION = 5.0;
				TARGETED_DEVICE_FAMILY = "1,2";
				TEST_HOST = "$(BUILT_PRODUCTS_DIR)/xylophone.app/$(BUNDLE_EXECUTABLE_FOLDER_PATH)/xylophone";
			};
			name = Debug;
		};
		3F1E04712CB8F6DF0071C084 /* Release */ = {
			isa = XCBuildConfiguration;
			buildSettings = {
				BUNDLE_LOADER = "$(TEST_HOST)";
				CODE_SIGN_STYLE = Automatic;
				CURRENT_PROJECT_VERSION = 1;
				GENERATE_INFOPLIST_FILE = YES;
				IPHONEOS_DEPLOYMENT_TARGET = 18.0;
				MARKETING_VERSION = 1.0;
				PRODUCT_BUNDLE_IDENTIFIER = darkhan.com.xylophoneTests;
				PRODUCT_NAME = "$(TARGET_NAME)";
				SWIFT_EMIT_LOC_STRINGS = NO;
				SWIFT_VERSION = 5.0;
				TARGETED_DEVICE_FAMILY = "1,2";
				TEST_HOST = "$(BUILT_PRODUCTS_DIR)/xylophone.app/$(BUNDLE_EXECUTABLE_FOLDER_PATH)/xylophone";
			};
			name = Release;
		};
		3F1E04732CB8F6DF0071C084 /* Debug */ = {
			isa = XCBuildConfiguration;
			buildSettings = {
				CODE_SIGN_STYLE = Automatic;
				CURRENT_PROJECT_VERSION = 1;
				GENERATE_INFOPLIST_FILE = YES;
				MARKETING_VERSION = 1.0;
				PRODUCT_BUNDLE_IDENTIFIER = darkhan.com.xylophoneUITests;
				PRODUCT_NAME = "$(TARGET_NAME)";
				SWIFT_EMIT_LOC_STRINGS = NO;
				SWIFT_VERSION = 5.0;
				TARGETED_DEVICE_FAMILY = "1,2";
				TEST_TARGET_NAME = xylophone;
			};
			name = Debug;
		};
		3F1E04742CB8F6DF0071C084 /* Release */ = {
			isa = XCBuildConfiguration;
			buildSettings = {
				CODE_SIGN_STYLE = Automatic;
				CURRENT_PROJECT_VERSION = 1;
				GENERATE_INFOPLIST_FILE = YES;
				MARKETING_VERSION = 1.0;
				PRODUCT_BUNDLE_IDENTIFIER = darkhan.com.xylophoneUITests;
				PRODUCT_NAME = "$(TARGET_NAME)";
				SWIFT_EMIT_LOC_STRINGS = NO;
				SWIFT_VERSION = 5.0;
				TARGETED_DEVICE_FAMILY = "1,2";
				TEST_TARGET_NAME = xylophone;
			};
			name = Release;
		};
/* End XCBuildConfiguration section */

/* Begin XCConfigurationList section */
		3F1E043C2CB8F6DD0071C084 /* Build configuration list for PBXProject "xylophone" */ = {
			isa = XCConfigurationList;
			buildConfigurations = (
				3F1E046D2CB8F6DF0071C084 /* Debug */,
				3F1E046E2CB8F6DF0071C084 /* Release */,
			);
			defaultConfigurationIsVisible = 0;
			defaultConfigurationName = Release;
		};
		3F1E046A2CB8F6DF0071C084 /* Build configuration list for PBXNativeTarget "xylophone" */ = {
			isa = XCConfigurationList;
			buildConfigurations = (
				3F1E046B2CB8F6DF0071C084 /* Debug */,
				3F1E046C2CB8F6DF0071C084 /* Release */,
			);
			defaultConfigurationIsVisible = 0;
			defaultConfigurationName = Release;
		};
		3F1E046F2CB8F6DF0071C084 /* Build configuration list for PBXNativeTarget "xylophoneTests" */ = {
			isa = XCConfigurationList;
			buildConfigurations = (
				3F1E04702CB8F6DF0071C084 /* Debug */,
				3F1E04712CB8F6DF0071C084 /* Release */,
			);
			defaultConfigurationIsVisible = 0;
			defaultConfigurationName = Release;
		};
		3F1E04722CB8F6DF0071C084 /* Build configuration list for PBXNativeTarget "xylophoneUITests" */ = {
			isa = XCConfigurationList;
			buildConfigurations = (
				3F1E04732CB8F6DF0071C084 /* Debug */,
				3F1E04742CB8F6DF0071C084 /* Release */,
			);
			defaultConfigurationIsVisible = 0;
			defaultConfigurationName = Release;
		};
/* End XCConfigurationList section */
	};
	rootObject = 3F1E04392CB8F6DD0071C084 /* Project object */;
}
